
Microsoft Visual Studio Solution File, Format Version 12.00
# Visual Studio Version 17
VisualStudioVersion = 17.9.34622.214
MinimumVisualStudioVersion = 10.0.40219.1
Project("{FAE04EC0-301F-11D3-BF4B-00C04F79EFBC}") = "Strings", "Strings\Strings.csproj", "{C6B7CECD-A1E1-48F2-98AC-EF4E4EA12DEE}"
EndProject
Global
	GlobalSection(SolutionConfigurationPlatforms) = preSolution
		Debug|Any CPU = Debug|Any CPU
		Release|Any CPU = Release|Any CPU
	EndGlobalSection
	GlobalSection(ProjectConfigurationPlatforms) = postSolution
		{C6B7CECD-A1E1-48F2-98AC-EF4E4EA12DEE}.Debug|Any CPU.ActiveCfg = Debug|Any CPU
		{C6B7CECD-A1E1-48F2-98AC-EF4E4EA12DEE}.Debug|Any CPU.Build.0 = Debug|Any CPU
		{C6B7CECD-A1E1-48F2-98AC-EF4E4EA12DEE}.Release|Any CPU.ActiveCfg = Release|Any CPU
		{C6B7CECD-A1E1-48F2-98AC-EF4E4EA12DEE}.Release|Any CPU.Build.0 = Release|Any CPU
	EndGlobalSection
	GlobalSection(SolutionProperties) = preSolution
		HideSolutionNode = FALSE
	EndGlobalSection
	GlobalSection(ExtensibilityGlobals) = postSolution
		SolutionGuid = {9BF1DB64-123A-45F7-BE72-05BE8BD26AF8}
	EndGlobalSection
EndGlobal
